
Microsoft Visual Studio Solution File, Format Version 12.00
# Visual Studio Version 16
VisualStudioVersion = 16.0.31025.194
MinimumVisualStudioVersion = 10.0.40219.1
Project("{FAE04EC0-301F-11D3-BF4B-00C04F79EFBC}") = "EazyRecipez", "EazyRecipez\EazyRecipez.csproj", "{1FA6B10D-64EA-4B40-9DB0-23CDEF788DFD}"
EndProject
Global
	GlobalSection(SolutionConfigurationPlatforms) = preSolution
		Debug|Any CPU = Debug|Any CPU
		Release|Any CPU = Release|Any CPU
	EndGlobalSection
	GlobalSection(ProjectConfigurationPlatforms) = postSolution
		{1FA6B10D-64EA-4B40-9DB0-23CDEF788DFD}.Debug|Any CPU.ActiveCfg = Debug|Any CPU
		{1FA6B10D-64EA-4B40-9DB0-23CDEF788DFD}.Debug|Any CPU.Build.0 = Debug|Any CPU
		{1FA6B10D-64EA-4B40-9DB0-23CDEF788DFD}.Release|Any CPU.ActiveCfg = Release|Any CPU
		{1FA6B10D-64EA-4B40-9DB0-23CDEF788DFD}.Release|Any CPU.Build.0 = Release|Any CPU
	EndGlobalSection
	GlobalSection(SolutionProperties) = preSolution
		HideSolutionNode = FALSE
	EndGlobalSection
	GlobalSection(ExtensibilityGlobals) = postSolution
		SolutionGuid = {4BE110DC-73D3-4A9E-AB45-2F41AA71E1EA}
	EndGlobalSection
EndGlobal
